Microsoft Visual Studio Solution File, Format Version 12.00
# Visual Studio Version 17
VisualStudioVersion = 17.5.2.0
MinimumVisualStudioVersion = 10.0.40219.1
Project("{FAE04EC0-301F-11D3-BF4B-00C04F79EFBC}") = "MiPrimeraApi", "MiPrimeraApi.csproj", "{4CA74E73-2773-F961-C011-113B2772F546}"
EndProject
Global
	GlobalSection(SolutionConfigurationPlatforms) = preSolution
		Debug|Any CPU = Debug|Any CPU
		Release|Any CPU = Release|Any CPU
	EndGlobalSection
	GlobalSection(ProjectConfigurationPlatforms) = postSolution
		{4CA74E73-2773-F961-C011-113B2772F546}.Debug|Any CPU.ActiveCfg = Debug|Any CPU
		{4CA74E73-2773-F961-C011-113B2772F546}.Debug|Any CPU.Build.0 = Debug|Any CPU
		{4CA74E73-2773-F961-C011-113B2772F546}.Release|Any CPU.ActiveCfg = Release|Any CPU
		{4CA74E73-2773-F961-C011-113B2772F546}.Release|Any CPU.Build.0 = Release|Any CPU
	EndGlobalSection
	GlobalSection(SolutionProperties) = preSolution
		HideSolutionNode = FALSE
	EndGlobalSection
	GlobalSection(ExtensibilityGlobals) = postSolution
		SolutionGuid = {B5992533-84EA-470A-9C8D-CCC5D4295A79}
	EndGlobalSection
EndGlobal
